
Microsoft Visual Studio Solution File, Format Version 12.00
# Visual Studio Version 16
VisualStudioVersion = 16.0.31205.134
MinimumVisualStudioVersion = 10.0.40219.1
Project("{FAE04EC0-301F-11D3-BF4B-00C04F79EFBC}") = "ServerProducts", "ServerProducts.csproj", "{5104D0DE-EDE5-45AE-8490-34359B5CAC53}"
EndProject
Global
	GlobalSection(SolutionConfigurationPlatforms) = preSolution
		Debug|Any CPU = Debug|Any CPU
		Release|Any CPU = Release|Any CPU
	EndGlobalSection
	GlobalSection(ProjectConfigurationPlatforms) = postSolution
		{5104D0DE-EDE5-45AE-8490-34359B5CAC53}.Debug|Any CPU.ActiveCfg = Debug|Any CPU
		{5104D0DE-EDE5-45AE-8490-34359B5CAC53}.Debug|Any CPU.Build.0 = Debug|Any CPU
		{5104D0DE-EDE5-45AE-8490-34359B5CAC53}.Release|Any CPU.ActiveCfg = Release|Any CPU
		{5104D0DE-EDE5-45AE-8490-34359B5CAC53}.Release|Any CPU.Build.0 = Release|Any CPU
	EndGlobalSection
	GlobalSection(SolutionProperties) = preSolution
		HideSolutionNode = FALSE
	EndGlobalSection
	GlobalSection(ExtensibilityGlobals) = postSolution
		SolutionGuid = {AF6177F8-CD83-4C65-9280-66A8F80075E2}
	EndGlobalSection
EndGlobal
